
Microsoft Visual Studio Solution File, Format Version 12.00
# Visual Studio Version 17
VisualStudioVersion = 17.4.33122.133
MinimumVisualStudioVersion = 10.0.40219.1
Project("{FAE04EC0-301F-11D3-BF4B-00C04F79EFBC}") = "Sender_10311", "Sender_10311.csproj", "{C99CCDD9-15E7-453A-8B80-D3B0459D683A}"
EndProject
Global
	GlobalSection(SolutionConfigurationPlatforms) = preSolution
		Debug|Any CPU = Debug|Any CPU
		Release|Any CPU = Release|Any CPU
	EndGlobalSection
	GlobalSection(ProjectConfigurationPlatforms) = postSolution
		{C99CCDD9-15E7-453A-8B80-D3B0459D683A}.Debug|Any CPU.ActiveCfg = Debug|Any CPU
		{C99CCDD9-15E7-453A-8B80-D3B0459D683A}.Debug|Any CPU.Build.0 = Debug|Any CPU
		{C99CCDD9-15E7-453A-8B80-D3B0459D683A}.Release|Any CPU.ActiveCfg = Release|Any CPU
		{C99CCDD9-15E7-453A-8B80-D3B0459D683A}.Release|Any CPU.Build.0 = Release|Any CPU
	EndGlobalSection
	GlobalSection(SolutionProperties) = preSolution
		HideSolutionNode = FALSE
	EndGlobalSection
	GlobalSection(ExtensibilityGlobals) = postSolution
		SolutionGuid = {9409BC4E-13ED-4ADC-AF59-D734DB2A35E0}
	EndGlobalSection
EndGlobal
